
Microsoft Visual Studio Solution File, Format Version 12.00
# Visual Studio 15
VisualStudioVersion = 15.0.28307.1022
MinimumVisualStudioVersion = 10.0.40219.1
Project("{8BC9CEB8-8B4A-11D0-8D11-00A0C91BC942}") = "Dmf32", "Dmf32\Dmf32.vcxproj", "{DDC783C6-9DD1-486B-B298-FAC1F139C7AA}"
	ProjectSection(ProjectDependencies) = postProject
		{179F142D-822D-40B2-A7D2-9974C4C02DD8} = {179F142D-822D-40B2-A7D2-9974C4C02DD8}
		{09357737-0256-4D04-87B5-A708BD6F8CD9} = {09357737-0256-4D04-87B5-A708BD6F8CD9}
		{64E79FBE-9F8B-4775-B50A-92418193AEB7} = {64E79FBE-9F8B-4775-B50A-92418193AEB7}
	EndProjectSection
EndProject
Project("{8BC9CEB8-8B4A-11D0-8D11-00A0C91BC942}") = "Dmf32Framework", "Dmf32Framework\Dmf32Framework.vcxproj", "{09357737-0256-4D04-87B5-A708BD6F8CD9}"
EndProject
Project("{8BC9CEB8-8B4A-11D0-8D11-00A0C91BC942}") = "Dmf32Modules.Library", "Dmf32Modules.Library\Dmf32Modules.Library.vcxproj", "{64E79FBE-9F8B-4775-B50A-92418193AEB7}"
EndProject
Project("{8BC9CEB8-8B4A-11D0-8D11-00A0C91BC942}") = "Dmf32Modules.Library.Tests", "Dmf32Modules.Library.Tests\Dmf32Modules.Library.Tests.vcxproj", "{179F142D-822D-40B2-A7D2-9974C4C02DD8}"
EndProject
Global
	GlobalSection(SolutionConfigurationPlatforms) = preSolution
		Debug|ARM64 = Debug|ARM64
		Debug|x64 = Debug|x64
		Debug|x86 = Debug|x86
		Release|ARM64 = Release|ARM64
		Release|x64 = Release|x64
		Release|x86 = Release|x86
	EndGlobalSection
	GlobalSection(ProjectConfigurationPlatforms) = postSolution
		{DDC783C6-9DD1-486B-B298-FAC1F139C7AA}.Debug|ARM64.ActiveCfg = Debug|ARM64
		{DDC783C6-9DD1-486B-B298-FAC1F139C7AA}.Debug|ARM64.Build.0 = Debug|ARM64
		{DDC783C6-9DD1-486B-B298-FAC1F139C7AA}.Debug|x64.ActiveCfg = Debug|x64
		{DDC783C6-9DD1-486B-B298-FAC1F139C7AA}.Debug|x64.Build.0 = Debug|x64
		{DDC783C6-9DD1-486B-B298-FAC1F139C7AA}.Debug|x86.ActiveCfg = Debug|Win32
		{DDC783C6-9DD1-486B-B298-FAC1F139C7AA}.Debug|x86.Build.0 = Debug|Win32
		{DDC783C6-9DD1-486B-B298-FAC1F139C7AA}.Release|ARM64.ActiveCfg = Release|ARM64
		{DDC783C6-9DD1-486B-B298-FAC1F139C7AA}.Release|ARM64.Build.0 = Release|ARM64
		{DDC783C6-9DD1-486B-B298-FAC1F139C7AA}.Release|x64.ActiveCfg = Release|x64
		{DDC783C6-9DD1-486B-B298-FAC1F139C7AA}.Release|x64.Build.0 = Release|x64
		{DDC783C6-9DD1-486B-B298-FAC1F139C7AA}.Release|x86.ActiveCfg = Release|Win32
		{DDC783C6-9DD1-486B-B298-FAC1F139C7AA}.Release|x86.Build.0 = Release|Win32
		{09357737-0256-4D04-87B5-A708BD6F8CD9}.Debug|ARM64.ActiveCfg = Debug|ARM64
		{09357737-0256-4D04-87B5-A708BD6F8CD9}.Debug|ARM64.Build.0 = Debug|ARM64
		{09357737-0256-4D04-87B5-A708BD6F8CD9}.Debug|x64.ActiveCfg = Debug|x64
		{09357737-0256-4D04-87B5-A708BD6F8CD9}.Debug|x64.Build.0 = Debug|x64
		{09357737-0256-4D04-87B5-A708BD6F8CD9}.Debug|x86.ActiveCfg = Debug|Win32
		{09357737-0256-4D04-87B5-A708BD6F8CD9}.Debug|x86.Build.0 = Debug|Win32
		{09357737-0256-4D04-87B5-A708BD6F8CD9}.Release|ARM64.ActiveCfg = Release|ARM64
		{09357737-0256-4D04-87B5-A708BD6F8CD9}.Release|ARM64.Build.0 = Release|ARM64
		{09357737-0256-4D04-87B5-A708BD6F8CD9}.Release|x64.ActiveCfg = Release|x64
		{09357737-0256-4D04-87B5-A708BD6F8CD9}.Release|x64.Build.0 = Release|x64
		{09357737-0256-4D04-87B5-A708BD6F8CD9}.Release|x86.ActiveCfg = Release|Win32
		{09357737-0256-4D04-87B5-A708BD6F8CD9}.Release|x86.Build.0 = Release|Win32
		{64E79FBE-9F8B-4775-B50A-92418193AEB7}.Debug|ARM64.ActiveCfg = Debug|ARM64
		{64E79FBE-9F8B-4775-B50A-92418193AEB7}.Debug|ARM64.Build.0 = Debug|ARM64
		{64E79FBE-9F8B-4775-B50A-92418193AEB7}.Debug|x64.ActiveCfg = Debug|x64
		{64E79FBE-9F8B-4775-B50A-92418193AEB7}.Debug|x64.Build.0 = Debug|x64
		{64E79FBE-9F8B-4775-B50A-92418193AEB7}.Debug|x86.ActiveCfg = Debug|Win32
		{64E79FBE-9F8B-4775-B50A-92418193AEB7}.Debug|x86.Build.0 = Debug|Win32
		{64E79FBE-9F8B-4775-B50A-92418193AEB7}.Release|ARM64.ActiveCfg = Release|ARM64
		{64E79FBE-9F8B-4775-B50A-92418193AEB7}.Release|ARM64.Build.0 = Release|ARM64
		{64E79FBE-9F8B-4775-B50A-92418193AEB7}.Release|x64.ActiveCfg = Release|x64
		{64E79FBE-9F8B-4775-B50A-92418193AEB7}.Release|x64.Build.0 = Release|x64
		{64E79FBE-9F8B-4775-B50A-92418193AEB7}.Release|x86.ActiveCfg = Release|Win32
		{64E79FBE-9F8B-4775-B50A-92418193AEB7}.Release|x86.Build.0 = Release|Win32
		{179F142D-822D-40B2-A7D2-9974C4C02DD8}.Debug|ARM64.ActiveCfg = Debug|ARM64
		{179F142D-822D-40B2-A7D2-9974C4C02DD8}.Debug|ARM64.Build.0 = Debug|ARM64
		{179F142D-822D-40B2-A7D2-9974C4C02DD8}.Debug|x64.ActiveCfg = Debug|x64
		{179F142D-822D-40B2-A7D2-9974C4C02DD8}.Debug|x64.Build.0 = Debug|x64
		{179F142D-822D-40B2-A7D2-9974C4C02DD8}.Debug|x86.ActiveCfg = Debug|Win32
		{179F142D-822D-40B2-A7D2-9974C4C02DD8}.Debug|x86.Build.0 = Debug|Win32
		{179F142D-822D-40B2-A7D2-9974C4C02DD8}.Release|ARM64.ActiveCfg = Release|ARM64
		{179F142D-822D-40B2-A7D2-9974C4C02DD8}.Release|ARM64.Build.0 = Release|ARM64
		{179F142D-822D-40B2-A7D2-9974C4C02DD8}.Release|x64.ActiveCfg = Release|x64
		{179F142D-822D-40B2-A7D2-9974C4C02DD8}.Release|x64.Build.0 = Release|x64
		{179F142D-822D-40B2-A7D2-9974C4C02DD8}.Release|x86.ActiveCfg = Release|Win32
		{179F142D-822D-40B2-A7D2-9974C4C02DD8}.Release|x86.Build.0 = Release|Win32
	EndGlobalSection
	GlobalSection(SolutionProperties) = preSolution
		HideSolutionNode = FALSE
	EndGlobalSection
	GlobalSection(ExtensibilityGlobals) = postSolution
		SolutionGuid = {15809489-B733-436F-A32C-147B8168684E}
	EndGlobalSection
EndGlobal
